PODS:
  - AppAuth (1.7.5):
    - AppAuth/Core (= 1.7.5)
    - AppAuth/ExternalUserAgent (= 1.7.5)
  - AppAuth/Core (1.7.5)
  - AppAuth/ExternalUserAgent (1.7.5):
    - AppAuth/Core
  - BCryptSwift (1.1)
  - Flutter (1.0.0)
  - flutter_inappwebview_ios (0.0.1):
    - Flutter
    - flutter_inappwebview_ios/Core (= 0.0.1)
    - OrderedSet (~> 6.0.3)
  - flutter_inappwebview_ios/Core (0.0.1):
    - Flutter
    - OrderedSet (~> 6.0.3)
  - flutter_secure_storage (6.0.0):
    - Flutter
  - OrderedSet (6.0.3)
  - path_provider_foundation (0.0.1):
    - Flutter
    - FlutterMacOS
  - wepin_flutter_common (0.0.1):
    - Flutter
  - wepin_flutter_login_lib (0.0.1):
    - AppAuth (~> 1.7.5)
    - BCryptSwift (~> 1.1)
    - Flutter
  - wepin_flutter_storage (0.0.1):
    - Flutter

DEPENDENCIES:
  - Flutter (from `Flutter`)
  - flutter_inappwebview_ios (from `.symlinks/plugins/flutter_inappwebview_ios/ios`)
  - flutter_secure_storage (from `.symlinks/plugins/flutter_secure_storage/ios`)
  - path_provider_foundation (from `.symlinks/plugins/path_provider_foundation/darwin`)
  - wepin_flutter_common (from `.symlinks/plugins/wepin_flutter_common/ios`)
  - wepin_flutter_login_lib (from `.symlinks/plugins/wepin_flutter_login_lib/ios`)
  - wepin_flutter_storage (from `.symlinks/plugins/wepin_flutter_storage/ios`)

SPEC REPOS:
  trunk:
    - AppAuth
    - BCryptSwift
    - OrderedSet

EXTERNAL SOURCES:
  Flutter:
    :path: Flutter
  flutter_inappwebview_ios:
    :path: ".symlinks/plugins/flutter_inappwebview_ios/ios"
  flutter_secure_storage:
    :path: ".symlinks/plugins/flutter_secure_storage/ios"
  path_provider_foundation:
    :path: ".symlinks/plugins/path_provider_foundation/darwin"
  wepin_flutter_common:
    :path: ".symlinks/plugins/wepin_flutter_common/ios"
  wepin_flutter_login_lib:
    :path: ".symlinks/plugins/wepin_flutter_login_lib/ios"
  wepin_flutter_storage:
    :path: ".symlinks/plugins/wepin_flutter_storage/ios"

SPEC CHECKSUMS:
  AppAuth: 501c04eda8a8d11f179dbe8637b7a91bb7e5d2fa
  BCryptSwift: f69992ea5685f6714260842c2770688043b89ab2
  Flutter: e0871f40cf51350855a761d2e70bf5af5b9b5de7
  flutter_inappwebview_ios: 6f63631e2c62a7c350263b13fa5427aedefe81d4
  flutter_secure_storage: 23fc622d89d073675f2eaa109381aefbcf5a49be
  OrderedSet: e539b66b644ff081c73a262d24ad552a69be3a94
  path_provider_foundation: 2b6b4c569c0fb62ec74538f866245ac84301af46
  wepin_flutter_common: 505ac18aa0e2b9878d5d728df83d3ecd8bb93db9
  wepin_flutter_login_lib: 9ba2241f48e8d434199b1974be9186f42d7df1c3
  wepin_flutter_storage: 3400570869672a0e9bd4a11751ac28377fbe8967

PODFILE CHECKSUM: a57f30d18f102dd3ce366b1d62a55ecbef2158e5

COCOAPODS: 1.16.2
